
Microsoft Visual Studio Solution File, Format Version 12.00
# Visual Studio Version 17
VisualStudioVersion = 17.13.35931.197 d17.13
MinimumVisualStudioVersion = 10.0.40219.1
Project("{FAE04EC0-301F-11D3-BF4B-00C04F79EFBC}") = "WindowsFormsApp4_delegate_event", "WindowsFormsApp4_delegate_event\WindowsFormsApp4_delegate_event.csproj", "{55453F1B-2083-42F2-BF38-2767F226A8CB}"
EndProject
Global
	GlobalSection(SolutionConfigurationPlatforms) = preSolution
		Debug|Any CPU = Debug|Any CPU
		Release|Any CPU = Release|Any CPU
	EndGlobalSection
	GlobalSection(ProjectConfigurationPlatforms) = postSolution
		{55453F1B-2083-42F2-BF38-2767F226A8CB}.Debug|Any CPU.ActiveCfg = Debug|Any CPU
		{55453F1B-2083-42F2-BF38-2767F226A8CB}.Debug|Any CPU.Build.0 = Debug|Any CPU
		{55453F1B-2083-42F2-BF38-2767F226A8CB}.Release|Any CPU.ActiveCfg = Release|Any CPU
		{55453F1B-2083-42F2-BF38-2767F226A8CB}.Release|Any CPU.Build.0 = Release|Any CPU
	EndGlobalSection
	GlobalSection(SolutionProperties) = preSolution
		HideSolutionNode = FALSE
	EndGlobalSection
	GlobalSection(ExtensibilityGlobals) = postSolution
		SolutionGuid = {8CB1E2E9-99C0-488E-88CD-5EA46F0238F2}
	EndGlobalSection
EndGlobal
